// !$*UTF8*$!
{
	archiveVersion = 1;
	classes = {
	};
	objectVersion = 50;
	objects = {

/* Begin PBXBuildFile section */
		420A6F7C2164D03800372431 /* NotificationCell.swift in Sources */ = {isa = PBXBuildFile; fileRef = 420A6F7B2164D03800372431 /* NotificationCell.swift */; };
		420A8F63216B35B000D3B263 /* SliderViewController.swift in Sources */ = {isa = PBXBuildFile; fileRef = 420A8F62216B35B000D3B263 /* SliderViewController.swift */; };
		4229BA2C2158B868002B89FC /* NotificationService.swift in Sources */ = {isa = PBXBuildFile; fileRef = 4229BA2B2158B868002B89FC /* NotificationService.swift */; };
		4229BA302158B869002B89FC /* Notification Service.appex in Embed App Extensions */ = {isa = PBXBuildFile; fileRef = 4229BA292158B868002B89FC /* Notification Service.appex */; settings = {ATTRIBUTES = (RemoveHeadersOnCopy, ); }; };
		4229BA352158C5CF002B89FC /* WebConnectionViewController.swift in Sources */ = {isa = PBXBuildFile; fileRef = 4229BA342158C5CF002B89FC /* WebConnectionViewController.swift */; };
		4232DD06216DBF8600D598B2 /* DS-DIGI.TTF in Sources */ = {isa = PBXBuildFile; fileRef = 4232DD03216DBF6D00D598B2 /* DS-DIGI.TTF */; };
		4232DD07216DBF8600D598B2 /* DS-DIGIB.TTF in Sources */ = {isa = PBXBuildFile; fileRef = 4232DD04216DBF6E00D598B2 /* DS-DIGIB.TTF */; };
		4232DD08216DBF8600D598B2 /* DS-DIGII.TTF in Sources */ = {isa = PBXBuildFile; fileRef = 4232DD05216DBF6F00D598B2 /* DS-DIGII.TTF */; };
		4232DD09216DBF8600D598B2 /* DS-DIGIT.TTF in Sources */ = {isa = PBXBuildFile; fileRef = 4232DD02216DBF6C00D598B2 /* DS-DIGIT.TTF */; };
		423BA632214A2AE900D6D78D /* AppDelegate.swift in Sources */ = {isa = PBXBuildFile; fileRef = 423BA631214A2AE900D6D78D /* AppDelegate.swift */; };
		423BA634214A2AE900D6D78D /* ViewController.swift in Sources */ = {isa = PBXBuildFile; fileRef = 423BA633214A2AE900D6D78D /* ViewController.swift */; };
		423BA637214A2AE900D6D78D /* Main.storyboard in Resources */ = {isa = PBXBuildFile; fileRef = 423BA635214A2AE900D6D78D /* Main.storyboard */; };
		423BA63A214A2AE900D6D78D /* FireBasePushNotification.xcdatamodeld in Sources */ = {isa = PBXBuildFile; fileRef = 423BA638214A2AE900D6D78D /* FireBasePushNotification.xcdatamodeld */; };
		423BA63C214A2AF100D6D78D /* Assets.xcassets in Resources */ = {isa = PBXBuildFile; fileRef = 423BA63B214A2AF100D6D78D /* Assets.xcassets */; };
		423BA63F214A2AF100D6D78D /* LaunchScreen.storyboard in Resources */ = {isa = PBXBuildFile; fileRef = 423BA63D214A2AF100D6D78D /* LaunchScreen.storyboard */; };
		42523CFC2151100500FFB9AD /* GoogleService-Info.plist in Resources */ = {isa = PBXBuildFile; fileRef = 42523CFB2151100500FFB9AD /* GoogleService-Info.plist */; };
		42B6707D215CD43A00E1D43A /* UserNotifications.framework in Frameworks */ = {isa = PBXBuildFile; fileRef = 426A66A821525A410070D273 /* UserNotifications.framework */; };
		42B6707E215CD43A00E1D43A /* UserNotificationsUI.framework in Frameworks */ = {isa = PBXBuildFile; fileRef = 426A66AA21525A410070D273 /* UserNotificationsUI.framework */; };
		42B67081215CD43A00E1D43A /* NotificationViewController.swift in Sources */ = {isa = PBXBuildFile; fileRef = 42B67080215CD43A00E1D43A /* NotificationViewController.swift */; };
		42B67084215CD43A00E1D43A /* MainInterface.storyboard in Resources */ = {isa = PBXBuildFile; fileRef = 42B67082215CD43A00E1D43A /* MainInterface.storyboard */; };
		42B67088215CD43A00E1D43A /* Content Extension.appex in Embed App Extensions */ = {isa = PBXBuildFile; fileRef = 42B6707C215CD43A00E1D43A /* Content Extension.appex */; settings = {ATTRIBUTES = (RemoveHeadersOnCopy, ); }; };
		42DB2261216C8434009BDFF4 /* MessageStringFile.swift in Sources */ = {isa = PBXBuildFile; fileRef = 42DB2260216C8433009BDFF4 /* MessageStringFile.swift */; };
		42DB2263216C8DE6009BDFF4 /* DashboardViewModel.swift in Sources */ = {isa = PBXBuildFile; fileRef = 42DB2262216C8DE6009BDFF4 /* DashboardViewModel.swift */; };
		42DB2265216C903D009BDFF4 /* CollectionViewCell.swift in Sources */ = {isa = PBXBuildFile; fileRef = 42DB2264216C903D009BDFF4 /* CollectionViewCell.swift */; };
		42DB2267216CC532009BDFF4 /* PerformanceDashboardViewController.swift in Sources */ = {isa = PBXBuildFile; fileRef = 42DB2266216CC532009BDFF4 /* PerformanceDashboardViewController.swift */; };
		42F9FAD5216C7F5700664034 /* Helper.swift in Sources */ = {isa = PBXBuildFile; fileRef = 42F9FAD4216C7F5700664034 /* Helper.swift */; };
		42F9FAD7216C801A00664034 /* DashboardModel.swift in Sources */ = {isa = PBXBuildFile; fileRef = 42F9FAD6216C801A00664034 /* DashboardModel.swift */; };
		7D8F4E54216E25DE008E433E /* DS-DIGI.TTF in Resources */ = {isa = PBXBuildFile; fileRef = 4232DD03216DBF6D00D598B2 /* DS-DIGI.TTF */; };
		7D8F4E55216E25DE008E433E /* DS-DIGIB.TTF in Resources */ = {isa = PBXBuildFile; fileRef = 4232DD04216DBF6E00D598B2 /* DS-DIGIB.TTF */; };
		7D8F4E56216E25DE008E433E /* DS-DIGII.TTF in Resources */ = {isa = PBXBuildFile; fileRef = 4232DD05216DBF6F00D598B2 /* DS-DIGII.TTF */; };
		7D8F4E57216E25DE008E433E /* DS-DIGIT.TTF in Resources */ = {isa = PBXBuildFile; fileRef = 4232DD02216DBF6C00D598B2 /* DS-DIGIT.TTF */; };
		7DF755C921706F1B00CD8807 /* ShareDialogViewController.swift in Sources */ = {isa = PBXBuildFile; fileRef = 7DF755C821706F1B00CD8807 /* ShareDialogViewController.swift */; };
		836431FDCFF4358CD4FE9919 /* Pods_FireBasePushNotificationUITests.framework in Frameworks */ = {isa = PBXBuildFile; fileRef = 95EE42F63E546256BE7BBA89 /* Pods_FireBasePushNotificationUITests.framework */; };
		E299DC60BBF5592FEBFBB860 /* Pods_FireBasePushNotificationTests.framework in Frameworks */ = {isa = PBXBuildFile; fileRef = 88B3D485B4035BBB7F5E6898 /* Pods_FireBasePushNotificationTests.framework */; };
		FC551705E263A0D8F4E9B660 /* Pods_FireBasePushNotification.framework in Frameworks */ = {isa = PBXBuildFile; fileRef = AD7A9CE48449FDD8DAEB056C /* Pods_FireBasePushNotification.framework */; };
/* End PBXBuildFile section */

/* Begin PBXContainerItemProxy section */
		4229BA2E2158B869002B89FC /* PBXContainerItemProxy */ = {
			isa = PBXContainerItemProxy;
			containerPortal = 423BA626214A2AE900D6D78D /* Project object */;
			proxyType = 1;
			remoteGlobalIDString = 4229BA282158B868002B89FC;
			remoteInfo = "Notification Service";
		};
		423BA646214A2AF100D6D78D /* PBXContainerItemProxy */ = {
			isa = PBXContainerItemProxy;
			containerPortal = 423BA626214A2AE900D6D78D /* Project object */;
			proxyType = 1;
			remoteGlobalIDString = 423BA62D214A2AE900D6D78D;
			remoteInfo = FireBasePushNotification;
		};
		423BA651214A2AF100D6D78D /* PBXContainerItemProxy */ = {
			isa = PBXContainerItemProxy;
			containerPortal = 423BA626214A2AE900D6D78D /* Project object */;
			proxyType = 1;
			remoteGlobalIDString = 423BA62D214A2AE900D6D78D;
			remoteInfo = FireBasePushNotification;
		};
		42B67086215CD43A00E1D43A /* PBXContainerItemProxy */ = {
			isa = PBXContainerItemProxy;
			containerPortal = 423BA626214A2AE900D6D78D /* Project object */;
			proxyType = 1;
			remoteGlobalIDString = 42B6707B215CD43A00E1D43A;
			remoteInfo = "Content Extension";
		};
/* End PBXContainerItemProxy section */

/* Begin PBXCopyFilesBuildPhase section */
		426A66A021524A800070D273 /* Embed App Extensions */ = {
			isa = PBXCopyFilesBuildPhase;
			buildActionMask = 2147483647;
			dstPath = "";
			dstSubfolderSpec = 13;
			files = (
				4229BA302158B869002B89FC /* Notification Service.appex in Embed App Extensions */,
				42B67088215CD43A00E1D43A /* Content Extension.appex in Embed App Extensions */,
			);
			name = "Embed App Extensions";
			runOnlyForDeploymentPostprocessing = 0;
		};
/* End PBXCopyFilesBuildPhase section */

/* Begin PBXFileReference section */
		03BAF3CF59F20BAB7071732D /* Pods-FireBasePushNotificationTests.debug.xcconfig */ = {isa = PBXFileReference; includeInIndex = 1; lastKnownFileType = text.xcconfig; name = "Pods-FireBasePushNotificationTests.debug.xcconfig"; path = "Pods/Target Support Files/Pods-FireBasePushNotificationTests/Pods-FireBasePushNotificationTests.debug.xcconfig"; sourceTree = "<group>"; };
		08A7D0DD688860D439E7E5FA /* Pods-FireBasePushNotificationUITests.debug.xcconfig */ = {isa = PBXFileReference; includeInIndex = 1; lastKnownFileType = text.xcconfig; name = "Pods-FireBasePushNotificationUITests.debug.xcconfig"; path = "Pods/Target Support Files/Pods-FireBasePushNotificationUITests/Pods-FireBasePushNotificationUITests.debug.xcconfig"; sourceTree = "<group>"; };
		420A6F7B2164D03800372431 /* NotificationCell.swift */ = {isa = PBXFileReference; fileEncoding = 4; lastKnownFileType = sourcecode.swift; path = NotificationCell.swift; sourceTree = "<group>"; };
		420A8F62216B35B000D3B263 /* SliderViewController.swift */ = {isa = PBXFileReference; fileEncoding = 4; lastKnownFileType = sourcecode.swift; path = SliderViewController.swift; sourceTree = "<group>"; };
		4229BA292158B868002B89FC /* Notification Service.appex */ = {isa = PBXFileReference; explicitFileType = "wrapper.app-extension"; includeInIndex = 0; path = "Notification Service.appex"; sourceTree = BUILT_PRODUCTS_DIR; };
		4229BA2B2158B868002B89FC /* NotificationService.swift */ = {isa = PBXFileReference; lastKnownFileType = sourcecode.swift; path = NotificationService.swift; sourceTree = "<group>"; };
		4229BA2D2158B869002B89FC /* Info.plist */ = {isa = PBXFileReference; lastKnownFileType = text.plist.xml; path = Info.plist; sourceTree = "<group>"; };
		4229BA342158C5CF002B89FC /* WebConnectionViewController.swift */ = {isa = PBXFileReference; fileEncoding = 4; lastKnownFileType = sourcecode.swift; path = WebConnectionViewController.swift; sourceTree = "<group>"; };
		4232DD02216DBF6C00D598B2 /* DS-DIGIT.TTF */ = {isa = PBXFileReference; lastKnownFileType = file; path = "DS-DIGIT.TTF"; sourceTree = "<group>"; };
		4232DD03216DBF6D00D598B2 /* DS-DIGI.TTF */ = {isa = PBXFileReference; lastKnownFileType = file; path = "DS-DIGI.TTF"; sourceTree = "<group>"; };
		4232DD04216DBF6E00D598B2 /* DS-DIGIB.TTF */ = {isa = PBXFileReference; lastKnownFileType = file; path = "DS-DIGIB.TTF"; sourceTree = "<group>"; };
		4232DD05216DBF6F00D598B2 /* DS-DIGII.TTF */ = {isa = PBXFileReference; lastKnownFileType = file; path = "DS-DIGII.TTF"; sourceTree = "<group>"; };
		423BA62E214A2AE900D6D78D /* FireBasePushNotification.app */ = {isa = PBXFileReference; explicitFileType = wrapper.application; includeInIndex = 0; path = FireBasePushNotification.app; sourceTree = BUILT_PRODUCTS_DIR; };
		423BA631214A2AE900D6D78D /* AppDelegate.swift */ = {isa = PBXFileReference; lastKnownFileType = sourcecode.swift; path = AppDelegate.swift; sourceTree = "<group>"; };
		423BA633214A2AE900D6D78D /* ViewController.swift */ = {isa = PBXFileReference; lastKnownFileType = sourcecode.swift; path = ViewController.swift; sourceTree = "<group>"; };
		423BA636214A2AE900D6D78D /* Base */ = {isa = PBXFileReference; lastKnownFileType = file.storyboard; name = Base; path = Base.lproj/Main.storyboard; sourceTree = "<group>"; };
		423BA639214A2AE900D6D78D /* FireBasePushNotification.xcdatamodel */ = {isa = PBXFileReference; lastKnownFileType = wrapper.xcdatamodel; path = FireBasePushNotification.xcdatamodel; sourceTree = "<group>"; };
		423BA63B214A2AF100D6D78D /* Assets.xcassets */ = {isa = PBXFileReference; lastKnownFileType = folder.assetcatalog; path = Assets.xcassets; sourceTree = "<group>"; };
		423BA63E214A2AF100D6D78D /* Base */ = {isa = PBXFileReference; lastKnownFileType = file.storyboard; name = Base; path = Base.lproj/LaunchScreen.storyboard; sourceTree = "<group>"; };
		423BA640214A2AF100D6D78D /* Info.plist */ = {isa = PBXFileReference; lastKnownFileType = text.plist.xml; path = Info.plist; sourceTree = "<group>"; };
		423BA645214A2AF100D6D78D /* FireBasePushNotificationTests.xctest */ = {isa = PBXFileReference; explicitFileType = wrapper.cfbundle; includeInIndex = 0; path = FireBasePushNotificationTests.xctest; sourceTree = BUILT_PRODUCTS_DIR; };
		423BA650214A2AF100D6D78D /* FireBasePushNotificationUITests.xctest */ = {isa = PBXFileReference; explicitFileType = wrapper.cfbundle; includeInIndex = 0; path = FireBasePushNotificationUITests.xctest; sourceTree = BUILT_PRODUCTS_DIR; };
		42523CFB2151100500FFB9AD /* GoogleService-Info.plist */ = {isa = PBXFileReference; fileEncoding = 4; lastKnownFileType = text.plist.xml; path = "GoogleService-Info.plist"; sourceTree = "<group>"; };
		426A669021520B710070D273 /* FireBasePushNotification.entitlements */ = {isa = PBXFileReference; lastKnownFileType = text.plist.entitlements; path = FireBasePushNotification.entitlements; sourceTree = "<group>"; };
		426A66A821525A410070D273 /* UserNotifications.framework */ = {isa = PBXFileReference; lastKnownFileType = wrapper.framework; name = UserNotifications.framework; path = System/Library/Frameworks/UserNotifications.framework; sourceTree = SDKROOT; };
		426A66AA21525A410070D273 /* UserNotificationsUI.framework */ = {isa = PBXFileReference; lastKnownFileType = wrapper.framework; name = UserNotificationsUI.framework; path = System/Library/Frameworks/UserNotificationsUI.framework; sourceTree = SDKROOT; };
		42B6707C215CD43A00E1D43A /* Content Extension.appex */ = {isa = PBXFileReference; explicitFileType = "wrapper.app-extension"; includeInIndex = 0; path = "Content Extension.appex"; sourceTree = BUILT_PRODUCTS_DIR; };
		42B67080215CD43A00E1D43A /* NotificationViewController.swift */ = {isa = PBXFileReference; lastKnownFileType = sourcecode.swift; path = NotificationViewController.swift; sourceTree = "<group>"; };
		42B67083215CD43A00E1D43A /* Base */ = {isa = PBXFileReference; lastKnownFileType = file.storyboard; name = Base; path = Base.lproj/MainInterface.storyboard; sourceTree = "<group>"; };
		42B67085215CD43A00E1D43A /* Info.plist */ = {isa = PBXFileReference; lastKnownFileType = text.plist.xml; path = Info.plist; sourceTree = "<group>"; };
		42DB2260216C8433009BDFF4 /* MessageStringFile.swift */ = {isa = PBXFileReference; fileEncoding = 4; lastKnownFileType = sourcecode.swift; path = MessageStringFile.swift; sourceTree = "<group>"; };
		42DB2262216C8DE6009BDFF4 /* DashboardViewModel.swift */ = {isa = PBXFileReference; lastKnownFileType = sourcecode.swift; path = DashboardViewModel.swift; sourceTree = "<group>"; };
		42DB2264216C903D009BDFF4 /* CollectionViewCell.swift */ = {isa = PBXFileReference; lastKnownFileType = sourcecode.swift; path = CollectionViewCell.swift; sourceTree = "<group>"; };
		42DB2266216CC532009BDFF4 /* PerformanceDashboardViewController.swift */ = {isa = PBXFileReference; lastKnownFileType = sourcecode.swift; path = PerformanceDashboardViewController.swift; sourceTree = "<group>"; };
		42F9FAD4216C7F5700664034 /* Helper.swift */ = {isa = PBXFileReference; lastKnownFileType = sourcecode.swift; path = Helper.swift; sourceTree = "<group>"; };
		42F9FAD6216C801A00664034 /* DashboardModel.swift */ = {isa = PBXFileReference; fileEncoding = 4; lastKnownFileType = sourcecode.swift; path = DashboardModel.swift; sourceTree = "<group>"; };
		4EA46174E2E0142453D08231 /* Pods-FireBasePushNotificationTests.release.xcconfig */ = {isa = PBXFileReference; includeInIndex = 1; lastKnownFileType = text.xcconfig; name = "Pods-FireBasePushNotificationTests.release.xcconfig"; path = "Pods/Target Support Files/Pods-FireBasePushNotificationTests/Pods-FireBasePushNotificationTests.release.xcconfig"; sourceTree = "<group>"; };
		5F68B9C3CE94A49C32E7EF01 /* Pods-FireBasePushNotificationUITests.release.xcconfig */ = {isa = PBXFileReference; includeInIndex = 1; lastKnownFileType = text.xcconfig; name = "Pods-FireBasePushNotificationUITests.release.xcconfig"; path = "Pods/Target Support Files/Pods-FireBasePushNotificationUITests/Pods-FireBasePushNotificationUITests.release.xcconfig"; sourceTree = "<group>"; };
		7DF755C821706F1B00CD8807 /* ShareDialogViewController.swift */ = {isa = PBXFileReference; lastKnownFileType = sourcecode.swift; path = ShareDialogViewController.swift; sourceTree = "<group>"; };
		88B3D485B4035BBB7F5E6898 /* Pods_FireBasePushNotificationTests.framework */ = {isa = PBXFileReference; explicitFileType = wrapper.framework; includeInIndex = 0; path = Pods_FireBasePushNotificationTests.framework; sourceTree = BUILT_PRODUCTS_DIR; };
		95EE42F63E546256BE7BBA89 /* Pods_FireBasePushNotificationUITests.framework */ = {isa = PBXFileReference; explicitFileType = wrapper.framework; includeInIndex = 0; path = Pods_FireBasePushNotificationUITests.framework; sourceTree = BUILT_PRODUCTS_DIR; };
		9C93AAAB71F9F0DE61874214 /* Pods-FireBasePushNotification.release.xcconfig */ = {isa = PBXFileReference; includeInIndex = 1; lastKnownFileType = text.xcconfig; name = "Pods-FireBasePushNotification.release.xcconfig"; path = "Pods/Target Support Files/Pods-FireBasePushNotification/Pods-FireBasePushNotification.release.xcconfig"; sourceTree = "<group>"; };
		AD7A9CE48449FDD8DAEB056C /* Pods_FireBasePushNotification.framework */ = {isa = PBXFileReference; explicitFileType = wrapper.framework; includeInIndex = 0; path = Pods_FireBasePushNotification.framework; sourceTree = BUILT_PRODUCTS_DIR; };
		CD4F33BBD5A450040E467B47 /* Pods-FireBasePushNotification.debug.xcconfig */ = {isa = PBXFileReference; includeInIndex = 1; lastKnownFileType = text.xcconfig; name = "Pods-FireBasePushNotification.debug.xcconfig"; path = "Pods/Target Support Files/Pods-FireBasePushNotification/Pods-FireBasePushNotification.debug.xcconfig"; sourceTree = "<group>"; };
/* End PBXFileReference section */

/* Begin PBXFrameworksBuildPhase section */
		4229BA262158B868002B89FC /* Frameworks */ = {
			isa = PBXFrameworksBuildPhase;
			buildActionMask = 2147483647;
			files = (
			);
			runOnlyForDeploymentPostprocessing = 0;
		};
		423BA62B214A2AE900D6D78D /* Frameworks */ = {
			isa = PBXFrameworksBuildPhase;
			buildActionMask = 2147483647;
			files = (
				FC551705E263A0D8F4E9B660 /* Pods_FireBasePushNotification.framework in Frameworks */,
			);
			runOnlyForDeploymentPostprocessing = 0;
		};
		423BA642214A2AF100D6D78D /* Frameworks */ = {
			isa = PBXFrameworksBuildPhase;
			buildActionMask = 2147483647;
			files = (
				E299DC60BBF5592FEBFBB860 /* Pods_FireBasePushNotificationTests.framework in Frameworks */,
			);
			runOnlyForDeploymentPostprocessing = 0;
		};
		423BA64D214A2AF100D6D78D /* Frameworks */ = {
			isa = PBXFrameworksBuildPhase;
			buildActionMask = 2147483647;
			files = (
				836431FDCFF4358CD4FE9919 /* Pods_FireBasePushNotificationUITests.framework in Frameworks */,
			);
			runOnlyForDeploymentPostprocessing = 0;
		};
		42B67079215CD43A00E1D43A /* Frameworks */ = {
			isa = PBXFrameworksBuildPhase;
			buildActionMask = 2147483647;
			files = (
				42B6707E215CD43A00E1D43A /* UserNotificationsUI.framework in Frameworks */,
				42B6707D215CD43A00E1D43A /* UserNotifications.framework in Frameworks */,
			);
			runOnlyForDeploymentPostprocessing = 0;
		};
/* End PBXFrameworksBuildPhase section */

/* Begin PBXGroup section */
		4229BA2A2158B868002B89FC /* Notification Service */ = {
			isa = PBXGroup;
			children = (
				4229BA2B2158B868002B89FC /* NotificationService.swift */,
				4229BA2D2158B869002B89FC /* Info.plist */,
			);
			path = "Notification Service";
			sourceTree = "<group>";
		};
		423BA625214A2AE900D6D78D = {
			isa = PBXGroup;
			children = (
				42523CFB2151100500FFB9AD /* GoogleService-Info.plist */,
				423BA630214A2AE900D6D78D /* FireBasePushNotification */,
				4229BA2A2158B868002B89FC /* Notification Service */,
				42B6707F215CD43A00E1D43A /* Content Extension */,
				423BA62F214A2AE900D6D78D /* Products */,
				6767E799EC75900247633F2C /* Pods */,
				8006AA4B239FC638C3B4E2A8 /* Frameworks */,
			);
			sourceTree = "<group>";
		};
		423BA62F214A2AE900D6D78D /* Products */ = {
			isa = PBXGroup;
			children = (
				423BA62E214A2AE900D6D78D /* FireBasePushNotification.app */,
				423BA645214A2AF100D6D78D /* FireBasePushNotificationTests.xctest */,
				423BA650214A2AF100D6D78D /* FireBasePushNotificationUITests.xctest */,
				4229BA292158B868002B89FC /* Notification Service.appex */,
				42B6707C215CD43A00E1D43A /* Content Extension.appex */,
			);
			name = Products;
			sourceTree = "<group>";
		};
		423BA630214A2AE900D6D78D /* FireBasePushNotification */ = {
			isa = PBXGroup;
			children = (
				7DF755CC2170BEC300CD8807 /* Networking */,
				7DF755CB2170BEAF00CD8807 /* Storyboard */,
				7DF755CA2170BE8B00CD8807 /* DummyApp */,
				7D3FA4D2216F1EE900558C3C /* PerformanceDashboard */,
				426A669021520B710070D273 /* FireBasePushNotification.entitlements */,
				423BA631214A2AE900D6D78D /* AppDelegate.swift */,
				423BA63B214A2AF100D6D78D /* Assets.xcassets */,
				423BA640214A2AF100D6D78D /* Info.plist */,
				423BA638214A2AE900D6D78D /* FireBasePushNotification.xcdatamodeld */,
				4232DD03216DBF6D00D598B2 /* DS-DIGI.TTF */,
				4232DD04216DBF6E00D598B2 /* DS-DIGIB.TTF */,
				4232DD05216DBF6F00D598B2 /* DS-DIGII.TTF */,
				4232DD02216DBF6C00D598B2 /* DS-DIGIT.TTF */,
			);
			path = FireBasePushNotification;
			sourceTree = "<group>";
		};
		42B6707F215CD43A00E1D43A /* Content Extension */ = {
			isa = PBXGroup;
			children = (
				42B67080215CD43A00E1D43A /* NotificationViewController.swift */,
				42B67082215CD43A00E1D43A /* MainInterface.storyboard */,
				42B67085215CD43A00E1D43A /* Info.plist */,
			);
			path = "Content Extension";
			sourceTree = "<group>";
		};
		6767E799EC75900247633F2C /* Pods */ = {
			isa = PBXGroup;
			children = (
				CD4F33BBD5A450040E467B47 /* Pods-FireBasePushNotification.debug.xcconfig */,
				9C93AAAB71F9F0DE61874214 /* Pods-FireBasePushNotification.release.xcconfig */,
				08A7D0DD688860D439E7E5FA /* Pods-FireBasePushNotificationUITests.debug.xcconfig */,
				5F68B9C3CE94A49C32E7EF01 /* Pods-FireBasePushNotificationUITests.release.xcconfig */,
				03BAF3CF59F20BAB7071732D /* Pods-FireBasePushNotificationTests.debug.xcconfig */,
				4EA46174E2E0142453D08231 /* Pods-FireBasePushNotificationTests.release.xcconfig */,
			);
			name = Pods;
			sourceTree = "<group>";
		};
		7D3FA4D2216F1EE900558C3C /* PerformanceDashboard */ = {
			isa = PBXGroup;
			children = (
				42DB2260216C8433009BDFF4 /* MessageStringFile.swift */,
				42F9FAD4216C7F5700664034 /* Helper.swift */,
				7D3FA4D6216F2B8700558C3C /* ViewController */,
				7D3FA4D5216F2B7000558C3C /* ViewModel */,
				7D3FA4D4216F2B6400558C3C /* DataModel */,
				7D3FA4D3216F1F1000558C3C /* CustomCollectionCell */,
				7DF755C821706F1B00CD8807 /* ShareDialogViewController.swift */,
			);
			path = PerformanceDashboard;
			sourceTree = "<group>";
		};
		7D3FA4D3216F1F1000558C3C /* CustomCollectionCell */ = {
			isa = PBXGroup;
			children = (
				42DB2264216C903D009BDFF4 /* CollectionViewCell.swift */,
			);
			path = CustomCollectionCell;
			sourceTree = "<group>";
		};
		7D3FA4D4216F2B6400558C3C /* DataModel */ = {
			isa = PBXGroup;
			children = (
				42F9FAD6216C801A00664034 /* DashboardModel.swift */,
			);
			path = DataModel;
			sourceTree = "<group>";
		};
		7D3FA4D5216F2B7000558C3C /* ViewModel */ = {
			isa = PBXGroup;
			children = (
				42DB2262216C8DE6009BDFF4 /* DashboardViewModel.swift */,
			);
			path = ViewModel;
			sourceTree = "<group>";
		};
		7D3FA4D6216F2B8700558C3C /* ViewController */ = {
			isa = PBXGroup;
			children = (
				42DB2266216CC532009BDFF4 /* PerformanceDashboardViewController.swift */,
			);
			path = ViewController;
			sourceTree = "<group>";
		};
		7DF755CA2170BE8B00CD8807 /* DummyApp */ = {
			isa = PBXGroup;
			children = (
				420A8F62216B35B000D3B263 /* SliderViewController.swift */,
				423BA633214A2AE900D6D78D /* ViewController.swift */,
				420A6F7B2164D03800372431 /* NotificationCell.swift */,
			);
			path = DummyApp;
			sourceTree = "<group>";
		};
		7DF755CB2170BEAF00CD8807 /* Storyboard */ = {
			isa = PBXGroup;
			children = (
				423BA63D214A2AF100D6D78D /* LaunchScreen.storyboard */,
				423BA635214A2AE900D6D78D /* Main.storyboard */,
			);
			path = Storyboard;
			sourceTree = "<group>";
		};
		7DF755CC2170BEC300CD8807 /* Networking */ = {
			isa = PBXGroup;
			children = (
				4229BA342158C5CF002B89FC /* WebConnectionViewController.swift */,
			);
			path = Networking;
			sourceTree = "<group>";
		};
		8006AA4B239FC638C3B4E2A8 /* Frameworks */ = {
			isa = PBXGroup;
			children = (
				AD7A9CE48449FDD8DAEB056C /* Pods_FireBasePushNotification.framework */,
				88B3D485B4035BBB7F5E6898 /* Pods_FireBasePushNotificationTests.framework */,
				95EE42F63E546256BE7BBA89 /* Pods_FireBasePushNotificationUITests.framework */,
				426A66A821525A410070D273 /* UserNotifications.framework */,
				426A66AA21525A410070D273 /* UserNotificationsUI.framework */,
			);
			name = Frameworks;
			sourceTree = "<group>";
		};
/* End PBXGroup section */

/* Begin PBXNativeTarget section */
		4229BA282158B868002B89FC /* Notification Service */ = {
			isa = PBXNativeTarget;
			buildConfigurationList = 4229BA312158B869002B89FC /* Build configuration list for PBXNativeTarget "Notification Service" */;
			buildPhases = (
				4229BA252158B868002B89FC /* Sources */,
				4229BA262158B868002B89FC /* Frameworks */,
				4229BA272158B868002B89FC /* Resources */,
			);
			buildRules = (
			);
			dependencies = (
			);
			name = "Notification Service";
			productName = "Notification Service";
			productReference = 4229BA292158B868002B89FC /* Notification Service.appex */;
			productType = "com.apple.product-type.app-extension";
		};
		423BA62D214A2AE900D6D78D /* FireBasePushNotification */ = {
			isa = PBXNativeTarget;
			buildConfigurationList = 423BA659214A2AF100D6D78D /* Build configuration list for PBXNativeTarget "FireBasePushNotification" */;
			buildPhases = (
				7E4D59CC9E60195A923464B3 /* [CP] Check Pods Manifest.lock */,
				423BA62A214A2AE900D6D78D /* Sources */,
				423BA62B214A2AE900D6D78D /* Frameworks */,
				423BA62C214A2AE900D6D78D /* Resources */,
				03A9342F937877AEC17F477A /* [CP] Embed Pods Frameworks */,
				426A66A021524A800070D273 /* Embed App Extensions */,
			);
			buildRules = (
			);
			dependencies = (
				4229BA2F2158B869002B89FC /* PBXTargetDependency */,
				42B67087215CD43A00E1D43A /* PBXTargetDependency */,
			);
			name = FireBasePushNotification;
			productName = FireBasePushNotification;
			productReference = 423BA62E214A2AE900D6D78D /* FireBasePushNotification.app */;
			productType = "com.apple.product-type.application";
		};
		423BA644214A2AF100D6D78D /* FireBasePushNotificationTests */ = {
			isa = PBXNativeTarget;
			buildConfigurationList = 423BA65C214A2AF100D6D78D /* Build configuration list for PBXNativeTarget "FireBasePushNotificationTests" */;
			buildPhases = (
				E50BC1AF6FE9E47070691F5A /* [CP] Check Pods Manifest.lock */,
				423BA641214A2AF100D6D78D /* Sources */,
				423BA642214A2AF100D6D78D /* Frameworks */,
				423BA643214A2AF100D6D78D /* Resources */,
			);
			buildRules = (
			);
			dependencies = (
				423BA647214A2AF100D6D78D /* PBXTargetDependency */,
			);
			name = FireBasePushNotificationTests;
			productName = FireBasePushNotificationTests;
			productReference = 423BA645214A2AF100D6D78D /* FireBasePushNotificationTests.xctest */;
			productType = "com.apple.product-type.bundle.unit-test";
		};
		423BA64F214A2AF100D6D78D /* FireBasePushNotificationUITests */ = {
			isa = PBXNativeTarget;
			buildConfigurationList = 423BA65F214A2AF100D6D78D /* Build configuration list for PBXNativeTarget "FireBasePushNotificationUITests" */;
			buildPhases = (
				1C779065A5E68AB3CD818A50 /* [CP] Check Pods Manifest.lock */,
				423BA64C214A2AF100D6D78D /* Sources */,
				423BA64D214A2AF100D6D78D /* Frameworks */,
				423BA64E214A2AF100D6D78D /* Resources */,
			);
			buildRules = (
			);
			dependencies = (
				423BA652214A2AF100D6D78D /* PBXTargetDependency */,
			);
			name = FireBasePushNotificationUITests;
			productName = FireBasePushNotificationUITests;
			productReference = 423BA650214A2AF100D6D78D /* FireBasePushNotificationUITests.xctest */;
			productType = "com.apple.product-type.bundle.ui-testing";
		};
		42B6707B215CD43A00E1D43A /* Content Extension */ = {
			isa = PBXNativeTarget;
			buildConfigurationList = 42B67089215CD43B00E1D43A /* Build configuration list for PBXNativeTarget "Content Extension" */;
			buildPhases = (
				42B67078215CD43A00E1D43A /* Sources */,
				42B67079215CD43A00E1D43A /* Frameworks */,
				42B6707A215CD43A00E1D43A /* Resources */,
			);
			buildRules = (
			);
			dependencies = (
			);
			name = "Content Extension";
			productName = "Content Extension";
			productReference = 42B6707C215CD43A00E1D43A /* Content Extension.appex */;
			productType = "com.apple.product-type.app-extension";
		};
/* End PBXNativeTarget section */

/* Begin PBXProject section */
		423BA626214A2AE900D6D78D /* Project object */ = {
			isa = PBXProject;
			attributes = {
				LastSwiftUpdateCheck = 0940;
				LastUpgradeCheck = 0940;
				ORGANIZATIONNAME = Welcome;
				TargetAttributes = {
					4229BA282158B868002B89FC = {
						CreatedOnToolsVersion = 9.4.1;
					};
					423BA62D214A2AE900D6D78D = {
						CreatedOnToolsVersion = 9.4.1;
						SystemCapabilities = {
							com.apple.BackgroundModes = {
								enabled = 0;
							};
							com.apple.Push = {
								enabled = 1;
							};
						};
					};
					423BA644214A2AF100D6D78D = {
						CreatedOnToolsVersion = 9.4.1;
						TestTargetID = 423BA62D214A2AE900D6D78D;
					};
					423BA64F214A2AF100D6D78D = {
						CreatedOnToolsVersion = 9.4.1;
						TestTargetID = 423BA62D214A2AE900D6D78D;
					};
					42B6707B215CD43A00E1D43A = {
						CreatedOnToolsVersion = 9.4.1;
					};
				};
			};
			buildConfigurationList = 423BA629214A2AE900D6D78D /* Build configuration list for PBXProject "FireBasePushNotification" */;
			compatibilityVersion = "Xcode 9.3";
			developmentRegion = en;
			hasScannedForEncodings = 0;
			knownRegions = (
				en,
				Base,
			);
			mainGroup = 423BA625214A2AE900D6D78D;
			productRefGroup = 423BA62F214A2AE900D6D78D /* Products */;
			projectDirPath = "";
			projectRoot = "";
			targets = (
				423BA62D214A2AE900D6D78D /* FireBasePushNotification */,
				423BA644214A2AF100D6D78D /* FireBasePushNotificationTests */,
				423BA64F214A2AF100D6D78D /* FireBasePushNotificationUITests */,
				4229BA282158B868002B89FC /* Notification Service */,
				42B6707B215CD43A00E1D43A /* Content Extension */,
			);
		};
/* End PBXProject section */

/* Begin PBXResourcesBuildPhase section */
		4229BA272158B868002B89FC /* Resources */ = {
			isa = PBXResourcesBuildPhase;
			buildActionMask = 2147483647;
			files = (
			);
			runOnlyForDeploymentPostprocessing = 0;
		};
		423BA62C214A2AE900D6D78D /* Resources */ = {
			isa = PBXResourcesBuildPhase;
			buildActionMask = 2147483647;
			files = (
				7D8F4E54216E25DE008E433E /* DS-DIGI.TTF in Resources */,
				7D8F4E55216E25DE008E433E /* DS-DIGIB.TTF in Resources */,
				7D8F4E56216E25DE008E433E /* DS-DIGII.TTF in Resources */,
				7D8F4E57216E25DE008E433E /* DS-DIGIT.TTF in Resources */,
				423BA63F214A2AF100D6D78D /* LaunchScreen.storyboard in Resources */,
				42523CFC2151100500FFB9AD /* GoogleService-Info.plist in Resources */,
				423BA63C214A2AF100D6D78D /* Assets.xcassets in Resources */,
				423BA637214A2AE900D6D78D /* Main.storyboard in Resources */,
			);
			runOnlyForDeploymentPostprocessing = 0;
		};
		423BA643214A2AF100D6D78D /* Resources */ = {
			isa = PBXResourcesBuildPhase;
			buildActionMask = 2147483647;
			files = (
			);
			runOnlyForDeploymentPostprocessing = 0;
		};
		423BA64E214A2AF100D6D78D /* Resources */ = {
			isa = PBXResourcesBuildPhase;
			buildActionMask = 2147483647;
			files = (
			);
			runOnlyForDeploymentPostprocessing = 0;
		};
		42B6707A215CD43A00E1D43A /* Resources */ = {
			isa = PBXResourcesBuildPhase;
			buildActionMask = 2147483647;
			files = (
				42B67084215CD43A00E1D43A /* MainInterface.storyboard in Resources */,
			);
			runOnlyForDeploymentPostprocessing = 0;
		};
/* End PBXResourcesBuildPhase section */

/* Begin PBXShellScriptBuildPhase section */
		03A9342F937877AEC17F477A /* [CP] Embed Pods Frameworks */ = {
			isa = PBXShellScriptBuildPhase;
			buildActionMask = 2147483647;
			files = (
			);
			inputPaths = (
				"${SRCROOT}/Pods/Target Support Files/Pods-FireBasePushNotification/Pods-FireBasePushNotification-frameworks.sh",
				"${BUILT_PRODUCTS_DIR}/EFCountingLabel/EFCountingLabel.framework",
				"${BUILT_PRODUCTS_DIR}/GoogleUtilities/GoogleUtilities.framework",
				"${BUILT_PRODUCTS_DIR}/MBProgressHUD/MBProgressHUD.framework",
				"${BUILT_PRODUCTS_DIR}/Presentr/Presentr.framework",
				"${BUILT_PRODUCTS_DIR}/Protobuf/Protobuf.framework",
				"${BUILT_PRODUCTS_DIR}/SDWebImage/SDWebImage.framework",
				"${BUILT_PRODUCTS_DIR}/nanopb/nanopb.framework",
			);
			name = "[CP] Embed Pods Frameworks";
			outputPaths = (
				"${TARGET_BUILD_DIR}/${FRAMEWORKS_FOLDER_PATH}/EFCountingLabel.framework",
				"${TARGET_BUILD_DIR}/${FRAMEWORKS_FOLDER_PATH}/GoogleUtilities.framework",
				"${TARGET_BUILD_DIR}/${FRAMEWORKS_FOLDER_PATH}/MBProgressHUD.framework",
				"${TARGET_BUILD_DIR}/${FRAMEWORKS_FOLDER_PATH}/Presentr.framework",
				"${TARGET_BUILD_DIR}/${FRAMEWORKS_FOLDER_PATH}/Protobuf.framework",
				"${TARGET_BUILD_DIR}/${FRAMEWORKS_FOLDER_PATH}/SDWebImage.framework",
				"${TARGET_BUILD_DIR}/${FRAMEWORKS_FOLDER_PATH}/nanopb.framework",
			);
			runOnlyForDeploymentPostprocessing = 0;
			shellPath = /bin/sh;
			shellScript = "\"${SRCROOT}/Pods/Target Support Files/Pods-FireBasePushNotification/Pods-FireBasePushNotification-frameworks.sh\"\n";
			showEnvVarsInLog = 0;
		};
		1C779065A5E68AB3CD818A50 /* [CP] Check Pods Manifest.lock */ = {
			isa = PBXShellScriptBuildPhase;
			buildActionMask = 2147483647;
			files = (
			);
			inputPaths = (
				"${PODS_PODFILE_DIR_PATH}/Podfile.lock",
				"${PODS_ROOT}/Manifest.lock",
			);
			name = "[CP] Check Pods Manifest.lock";
			outputPaths = (
				"$(DERIVED_FILE_DIR)/Pods-FireBasePushNotificationUITests-checkManifestLockResult.txt",
			);
			runOnlyForDeploymentPostprocessing = 0;
			shellPath = /bin/sh;
			shellScript = "diff \"${PODS_PODFILE_DIR_PATH}/Podfile.lock\" \"${PODS_ROOT}/Manifest.lock\" > /dev/null\nif [ $? != 0 ] ; then\n    # print error to STDERR\n    echo \"error: The sandbox is not in sync with the Podfile.lock. Run 'pod install' or update your CocoaPods installation.\" >&2\n    exit 1\nfi\n# This output is used by Xcode 'outputs' to avoid re-running this script phase.\necho \"SUCCESS\" > \"${SCRIPT_OUTPUT_FILE_0}\"\n";
			showEnvVarsInLog = 0;
		};
		7E4D59CC9E60195A923464B3 /* [CP] Check Pods Manifest.lock */ = {
			isa = PBXShellScriptBuildPhase;
			buildActionMask = 2147483647;
			files = (
			);
			inputPaths = (
				"${PODS_PODFILE_DIR_PATH}/Podfile.lock",
				"${PODS_ROOT}/Manifest.lock",
			);
			name = "[CP] Check Pods Manifest.lock";
			outputPaths = (
				"$(DERIVED_FILE_DIR)/Pods-FireBasePushNotification-checkManifestLockResult.txt",
			);
			runOnlyForDeploymentPostprocessing = 0;
			shellPath = /bin/sh;
			shellScript = "diff \"${PODS_PODFILE_DIR_PATH}/Podfile.lock\" \"${PODS_ROOT}/Manifest.lock\" > /dev/null\nif [ $? != 0 ] ; then\n    # print error to STDERR\n    echo \"error: The sandbox is not in sync with the Podfile.lock. Run 'pod install' or update your CocoaPods installation.\" >&2\n    exit 1\nfi\n# This output is used by Xcode 'outputs' to avoid re-running this script phase.\necho \"SUCCESS\" > \"${SCRIPT_OUTPUT_FILE_0}\"\n";
			showEnvVarsInLog = 0;
		};
		E50BC1AF6FE9E47070691F5A /* [CP] Check Pods Manifest.lock */ = {
			isa = PBXShellScriptBuildPhase;
			buildActionMask = 2147483647;
			files = (
			);
			inputPaths = (
				"${PODS_PODFILE_DIR_PATH}/Podfile.lock",
				"${PODS_ROOT}/Manifest.lock",
			);
			name = "[CP] Check Pods Manifest.lock";
			outputPaths = (
				"$(DERIVED_FILE_DIR)/Pods-FireBasePushNotificationTests-checkManifestLockResult.txt",
			);
			runOnlyForDeploymentPostprocessing = 0;
			shellPath = /bin/sh;
			shellScript = "diff \"${PODS_PODFILE_DIR_PATH}/Podfile.lock\" \"${PODS_ROOT}/Manifest.lock\" > /dev/null\nif [ $? != 0 ] ; then\n    # print error to STDERR\n    echo \"error: The sandbox is not in sync with the Podfile.lock. Run 'pod install' or update your CocoaPods installation.\" >&2\n    exit 1\nfi\n# This output is used by Xcode 'outputs' to avoid re-running this script phase.\necho \"SUCCESS\" > \"${SCRIPT_OUTPUT_FILE_0}\"\n";
			showEnvVarsInLog = 0;
		};
/* End PBXShellScriptBuildPhase section */

/* Begin PBXSourcesBuildPhase section */
		4229BA252158B868002B89FC /* Sources */ = {
			isa = PBXSourcesBuildPhase;
			buildActionMask = 2147483647;
			files = (
				4229BA2C2158B868002B89FC /* NotificationService.swift in Sources */,
			);
			runOnlyForDeploymentPostprocessing = 0;
		};
		423BA62A214A2AE900D6D78D /* Sources */ = {
			isa = PBXSourcesBuildPhase;
			buildActionMask = 2147483647;
			files = (
				4232DD06216DBF8600D598B2 /* DS-DIGI.TTF in Sources */,
				4232DD07216DBF8600D598B2 /* DS-DIGIB.TTF in Sources */,
				4232DD08216DBF8600D598B2 /* DS-DIGII.TTF in Sources */,
				4232DD09216DBF8600D598B2 /* DS-DIGIT.TTF in Sources */,
				42DB2267216CC532009BDFF4 /* PerformanceDashboardViewController.swift in Sources */,
				42F9FAD7216C801A00664034 /* DashboardModel.swift in Sources */,
				42DB2263216C8DE6009BDFF4 /* DashboardViewModel.swift in Sources */,
				42DB2261216C8434009BDFF4 /* MessageStringFile.swift in Sources */,
				423BA63A214A2AE900D6D78D /* FireBasePushNotification.xcdatamodeld in Sources */,
				42F9FAD5216C7F5700664034 /* Helper.swift in Sources */,
				423BA634214A2AE900D6D78D /* ViewController.swift in Sources */,
				423BA632214A2AE900D6D78D /* AppDelegate.swift in Sources */,
				420A8F63216B35B000D3B263 /* SliderViewController.swift in Sources */,
				420A6F7C2164D03800372431 /* NotificationCell.swift in Sources */,
				7DF755C921706F1B00CD8807 /* ShareDialogViewController.swift in Sources */,
				4229BA352158C5CF002B89FC /* WebConnectionViewController.swift in Sources */,
				42DB2265216C903D009BDFF4 /* CollectionViewCell.swift in Sources */,
			);
			runOnlyForDeploymentPostprocessing = 0;
		};
		423BA641214A2AF100D6D78D /* Sources */ = {
			isa = PBXSourcesBuildPhase;
			buildActionMask = 2147483647;
			files = (
			);
			runOnlyForDeploymentPostprocessing = 0;
		};
		423BA64C214A2AF100D6D78D /* Sources */ = {
			isa = PBXSourcesBuildPhase;
			buildActionMask = 2147483647;
			files = (
			);
			runOnlyForDeploymentPostprocessing = 0;
		};
		42B67078215CD43A00E1D43A /* Sources */ = {
			isa = PBXSourcesBuildPhase;
			buildActionMask = 2147483647;
			files = (
				42B67081215CD43A00E1D43A /* NotificationViewController.swift in Sources */,
			);
			runOnlyForDeploymentPostprocessing = 0;
		};
/* End PBXSourcesBuildPhase section */

/* Begin PBXTargetDependency section */
		4229BA2F2158B869002B89FC /* PBXTargetDependency */ = {
			isa = PBXTargetDependency;
			target = 4229BA282158B868002B89FC /* Notification Service */;
			targetProxy = 4229BA2E2158B869002B89FC /* PBXContainerItemProxy */;
		};
		423BA647214A2AF100D6D78D /* PBXTargetDependency */ = {
			isa = PBXTargetDependency;
			target = 423BA62D214A2AE900D6D78D /* FireBasePushNotification */;
			targetProxy = 423BA646214A2AF100D6D78D /* PBXContainerItemProxy */;
		};
		423BA652214A2AF100D6D78D /* PBXTargetDependency */ = {
			isa = PBXTargetDependency;
			target = 423BA62D214A2AE900D6D78D /* FireBasePushNotification */;
			targetProxy = 423BA651214A2AF100D6D78D /* PBXContainerItemProxy */;
		};
		42B67087215CD43A00E1D43A /* PBXTargetDependency */ = {
			isa = PBXTargetDependency;
			target = 42B6707B215CD43A00E1D43A /* Content Extension */;
			targetProxy = 42B67086215CD43A00E1D43A /* PBXContainerItemProxy */;
		};
/* End PBXTargetDependency section */

/* Begin PBXVariantGroup section */
		423BA635214A2AE900D6D78D /* Main.storyboard */ = {
			isa = PBXVariantGroup;
			children = (
				423BA636214A2AE900D6D78D /* Base */,
			);
			name = Main.storyboard;
			sourceTree = "<group>";
		};
		423BA63D214A2AF100D6D78D /* LaunchScreen.storyboard */ = {
			isa = PBXVariantGroup;
			children = (
				423BA63E214A2AF100D6D78D /* Base */,
			);
			name = LaunchScreen.storyboard;
			sourceTree = "<group>";
		};
		42B67082215CD43A00E1D43A /* MainInterface.storyboard */ = {
			isa = PBXVariantGroup;
			children = (
				42B67083215CD43A00E1D43A /* Base */,
			);
			name = MainInterface.storyboard;
			sourceTree = "<group>";
		};
/* End PBXVariantGroup section */

/* Begin XCBuildConfiguration section */
		4229BA322158B869002B89FC /* Debug */ = {
			isa = XCBuildConfiguration;
			buildSettings = {
				CODE_SIGN_STYLE = Automatic;
				DEVELOPMENT_TEAM = E6268MV8Y9;
				INFOPLIST_FILE = "Notification Service/Info.plist";
				LD_RUNPATH_SEARCH_PATHS = (
					"$(inherited)",
					"@executable_path/Frameworks",
					"@executable_path/../../Frameworks",
				);
				PRODUCT_BUNDLE_IDENTIFIER = "com.chirp.development.Notification-Service";
				PRODUCT_NAME = "$(TARGET_NAME)";
				SKIP_INSTALL = YES;
				SWIFT_VERSION = 4.0;
				TARGETED_DEVICE_FAMILY = "1,2";
			};
			name = Debug;
		};
		4229BA332158B869002B89FC /* Release */ = {
			isa = XCBuildConfiguration;
			buildSettings = {
				CODE_SIGN_STYLE = Automatic;
				DEVELOPMENT_TEAM = E6268MV8Y9;
				INFOPLIST_FILE = "Notification Service/Info.plist";
				LD_RUNPATH_SEARCH_PATHS = (
					"$(inherited)",
					"@executable_path/Frameworks",
					"@executable_path/../../Frameworks",
				);
				PRODUCT_BUNDLE_IDENTIFIER = "com.chirp.development.Notification-Service";
				PRODUCT_NAME = "$(TARGET_NAME)";
				SKIP_INSTALL = YES;
				SWIFT_VERSION = 4.0;
				TARGETED_DEVICE_FAMILY = "1,2";
			};
			name = Release;
		};
		423BA657214A2AF100D6D78D /* Debug */ = {
			isa = XCBuildConfiguration;
			buildSettings = {
				ALWAYS_SEARCH_USER_PATHS = NO;
				CLANG_ANALYZER_NONNULL = YES;
				CLANG_ANALYZER_NUMBER_OBJECT_CONVERSION = YES_AGGRESSIVE;
				CLANG_CXX_LANGUAGE_STANDARD = "gnu++14";
				CLANG_CXX_LIBRARY = "libc++";
				CLANG_ENABLE_MODULES = YES;
				CLANG_ENABLE_OBJC_ARC = YES;
				CLANG_ENABLE_OBJC_WEAK = YES;
				CLANG_WARN_BLOCK_CAPTURE_AUTORELEASING = YES;
				CLANG_WARN_BOOL_CONVERSION = YES;
				CLANG_WARN_COMMA = YES;
				CLANG_WARN_CONSTANT_CONVERSION = YES;
				CLANG_WARN_DEPRECATED_OBJC_IMPLEMENTATIONS = YES;
				CLANG_WARN_DIRECT_OBJC_ISA_USAGE = YES_ERROR;
				CLANG_WARN_DOCUMENTATION_COMMENTS = YES;
				CLANG_WARN_EMPTY_BODY = YES;
				CLANG_WARN_ENUM_CONVERSION = YES;
				CLANG_WARN_INFINITE_RECURSION = YES;
				CLANG_WARN_INT_CONVERSION = YES;
				CLANG_WARN_NON_LITERAL_NULL_CONVERSION = YES;
				CLANG_WARN_OBJC_IMPLICIT_RETAIN_SELF = YES;
				CLANG_WARN_OBJC_LITERAL_CONVERSION = YES;
				CLANG_WARN_OBJC_ROOT_CLASS = YES_ERROR;
				CLANG_WARN_RANGE_LOOP_ANALYSIS = YES;
				CLANG_WARN_STRICT_PROTOTYPES = YES;
				CLANG_WARN_SUSPICIOUS_MOVE = YES;
				CLANG_WARN_UNGUARDED_AVAILABILITY = YES_AGGRESSIVE;
				CLANG_WARN_UNREACHABLE_CODE = YES;
				CLANG_WARN__DUPLICATE_METHOD_MATCH = YES;
				CODE_SIGN_IDENTITY = "iPhone Developer";
				COPY_PHASE_STRIP = NO;
				DEBUG_INFORMATION_FORMAT = dwarf;
				ENABLE_STRICT_OBJC_MSGSEND = YES;
				ENABLE_TESTABILITY = YES;
				GCC_C_LANGUAGE_STANDARD = gnu11;
				GCC_DYNAMIC_NO_PIC = NO;
				GCC_NO_COMMON_BLOCKS = YES;
				GCC_OPTIMIZATION_LEVEL = 0;
				GCC_PREPROCESSOR_DEFINITIONS = (
					"DEBUG=1",
					"$(inherited)",
				);
				GCC_WARN_64_TO_32_BIT_CONVERSION = YES;
				GCC_WARN_ABOUT_RETURN_TYPE = YES_ERROR;
				GCC_WARN_UNDECLARED_SELECTOR = YES;
				GCC_WARN_UNINITIALIZED_AUTOS = YES_AGGRESSIVE;
				GCC_WARN_UNUSED_FUNCTION = YES;
				GCC_WARN_UNUSED_VARIABLE = YES;
				IPHONEOS_DEPLOYMENT_TARGET = 11.4;
				MTL_ENABLE_DEBUG_INFO = YES;
				ONLY_ACTIVE_ARCH = YES;
				SDKROOT = iphoneos;
				SWIFT_ACTIVE_COMPILATION_CONDITIONS = DEBUG;
				SWIFT_OPTIMIZATION_LEVEL = "-Onone";
			};
			name = Debug;
		};
		423BA658214A2AF100D6D78D /* Release */ = {
			isa = XCBuildConfiguration;
			buildSettings = {
				ALWAYS_SEARCH_USER_PATHS = NO;
				CLANG_ANALYZER_NONNULL = YES;
				CLANG_ANALYZER_NUMBER_OBJECT_CONVERSION = YES_AGGRESSIVE;
				CLANG_CXX_LANGUAGE_STANDARD = "gnu++14";
				CLANG_CXX_LIBRARY = "libc++";
				CLANG_ENABLE_MODULES = YES;
				CLANG_ENABLE_OBJC_ARC = YES;
				CLANG_ENABLE_OBJC_WEAK = YES;
				CLANG_WARN_BLOCK_CAPTURE_AUTORELEASING = YES;
				CLANG_WARN_BOOL_CONVERSION = YES;
				CLANG_WARN_COMMA = YES;
				CLANG_WARN_CONSTANT_CONVERSION = YES;
				CLANG_WARN_DEPRECATED_OBJC_IMPLEMENTATIONS = YES;
				CLANG_WARN_DIRECT_OBJC_ISA_USAGE = YES_ERROR;
				CLANG_WARN_DOCUMENTATION_COMMENTS = YES;
				CLANG_WARN_EMPTY_BODY = YES;
				CLANG_WARN_ENUM_CONVERSION = YES;
				CLANG_WARN_INFINITE_RECURSION = YES;
				CLANG_WARN_INT_CONVERSION = YES;
				CLANG_WARN_NON_LITERAL_NULL_CONVERSION = YES;
				CLANG_WARN_OBJC_IMPLICIT_RETAIN_SELF = YES;
				CLANG_WARN_OBJC_LITERAL_CONVERSION = YES;
				CLANG_WARN_OBJC_ROOT_CLASS = YES_ERROR;
				CLANG_WARN_RANGE_LOOP_ANALYSIS = YES;
				CLANG_WARN_STRICT_PROTOTYPES = YES;
				CLANG_WARN_SUSPICIOUS_MOVE = YES;
				CLANG_WARN_UNGUARDED_AVAILABILITY = YES_AGGRESSIVE;
				CLANG_WARN_UNREACHABLE_CODE = YES;
				CLANG_WARN__DUPLICATE_METHOD_MATCH = YES;
				CODE_SIGN_IDENTITY = "iPhone Developer";
				COPY_PHASE_STRIP = NO;
				DEBUG_INFORMATION_FORMAT = "dwarf-with-dsym";
				ENABLE_NS_ASSERTIONS = NO;
				ENABLE_STRICT_OBJC_MSGSEND = YES;
				GCC_C_LANGUAGE_STANDARD = gnu11;
				GCC_NO_COMMON_BLOCKS = YES;
				GCC_WARN_64_TO_32_BIT_CONVERSION = YES;
				GCC_WARN_ABOUT_RETURN_TYPE = YES_ERROR;
				GCC_WARN_UNDECLARED_SELECTOR = YES;
				GCC_WARN_UNINITIALIZED_AUTOS = YES_AGGRESSIVE;
				GCC_WARN_UNUSED_FUNCTION = YES;
				GCC_WARN_UNUSED_VARIABLE = YES;
				IPHONEOS_DEPLOYMENT_TARGET = 11.4;
				MTL_ENABLE_DEBUG_INFO = NO;
				SDKROOT = iphoneos;
				SWIFT_COMPILATION_MODE = wholemodule;
				SWIFT_OPTIMIZATION_LEVEL = "-O";
				VALIDATE_PRODUCT = YES;
			};
			name = Release;
		};
		423BA65A214A2AF100D6D78D /* Debug */ = {
			isa = XCBuildConfiguration;
			baseConfigurationReference = CD4F33BBD5A450040E467B47 /* Pods-FireBasePushNotification.debug.xcconfig */;
			buildSettings = {
				ALWAYS_EMBED_SWIFT_STANDARD_LIBRARIES = YES;
				ASSETCATALOG_COMPILER_APPICON_NAME = AppIcon;
				CODE_SIGN_ENTITLEMENTS = FireBasePushNotification/FireBasePushNotification.entitlements;
				CODE_SIGN_STYLE = Automatic;
				DEVELOPMENT_TEAM = E6268MV8Y9;
				FRAMEWORK_SEARCH_PATHS = (
					"$(inherited)",
					"$(PROJECT_DIR)/FireBasePushNotification",
				);
				INFOPLIST_FILE = FireBasePushNotification/Info.plist;
				IPHONEOS_DEPLOYMENT_TARGET = 10.3;
				LD_RUNPATH_SEARCH_PATHS = (
					"$(inherited)",
					"@executable_path/Frameworks",
				);
				PRODUCT_BUNDLE_IDENTIFIER = com.chirp.development;
				PRODUCT_NAME = "$(TARGET_NAME)";
				SWIFT_VERSION = 4.0;
				TARGETED_DEVICE_FAMILY = "1,2";
			};
			name = Debug;
		};
		423BA65B214A2AF100D6D78D /* Release */ = {
			isa = XCBuildConfiguration;
			baseConfigurationReference = 9C93AAAB71F9F0DE61874214 /* Pods-FireBasePushNotification.release.xcconfig */;
			buildSettings = {
				ALWAYS_EMBED_SWIFT_STANDARD_LIBRARIES = YES;
				ASSETCATALOG_COMPILER_APPICON_NAME = AppIcon;
				CODE_SIGN_ENTITLEMENTS = FireBasePushNotification/FireBasePushNotification.entitlements;
				CODE_SIGN_STYLE = Automatic;
				DEVELOPMENT_TEAM = E6268MV8Y9;
				FRAMEWORK_SEARCH_PATHS = (
					"$(inherited)",
					"$(PROJECT_DIR)/FireBasePushNotification",
				);
				INFOPLIST_FILE = FireBasePushNotification/Info.plist;
				IPHONEOS_DEPLOYMENT_TARGET = 10.3;
				LD_RUNPATH_SEARCH_PATHS = (
					"$(inherited)",
					"@executable_path/Frameworks",
				);
				PRODUCT_BUNDLE_IDENTIFIER = com.chirp.development;
				PRODUCT_NAME = "$(TARGET_NAME)";
				SWIFT_VERSION = 4.0;
				TARGETED_DEVICE_FAMILY = "1,2";
			};
			name = Release;
		};
		423BA65D214A2AF100D6D78D /* Debug */ = {
			isa = XCBuildConfiguration;
			baseConfigurationReference = 03BAF3CF59F20BAB7071732D /* Pods-FireBasePushNotificationTests.debug.xcconfig */;
			buildSettings = {
				ALWAYS_EMBED_SWIFT_STANDARD_LIBRARIES = YES;
				BUNDLE_LOADER = "$(TEST_HOST)";
				CODE_SIGN_STYLE = Automatic;
				INFOPLIST_FILE = FireBasePushNotificationTests/Info.plist;
				LD_RUNPATH_SEARCH_PATHS = (
					"$(inherited)",
					"@executable_path/Frameworks",
					"@loader_path/Frameworks",
				);
				PRODUCT_BUNDLE_IDENTIFIER = NIC.FireBasePushNotificationTests;
				PRODUCT_NAME = "$(TARGET_NAME)";
				SWIFT_VERSION = 4.0;
				TARGETED_DEVICE_FAMILY = "1,2";
				TEST_HOST = "$(BUILT_PRODUCTS_DIR)/FireBasePushNotification.app/FireBasePushNotification";
			};
			name = Debug;
		};
		423BA65E214A2AF100D6D78D /* Release */ = {
			isa = XCBuildConfiguration;
			baseConfigurationReference = 4EA46174E2E0142453D08231 /* Pods-FireBasePushNotificationTests.release.xcconfig */;
			buildSettings = {
				ALWAYS_EMBED_SWIFT_STANDARD_LIBRARIES = YES;
				BUNDLE_LOADER = "$(TEST_HOST)";
				CODE_SIGN_STYLE = Automatic;
				INFOPLIST_FILE = FireBasePushNotificationTests/Info.plist;
				LD_RUNPATH_SEARCH_PATHS = (
					"$(inherited)",
					"@executable_path/Frameworks",
					"@loader_path/Frameworks",
				);
				PRODUCT_BUNDLE_IDENTIFIER = NIC.FireBasePushNotificationTests;
				PRODUCT_NAME = "$(TARGET_NAME)";
				SWIFT_VERSION = 4.0;
				TARGETED_DEVICE_FAMILY = "1,2";
				TEST_HOST = "$(BUILT_PRODUCTS_DIR)/FireBasePushNotification.app/FireBasePushNotification";
			};
			name = Release;
		};
		423BA660214A2AF100D6D78D /* Debug */ = {
			isa = XCBuildConfiguration;
			baseConfigurationReference = 08A7D0DD688860D439E7E5FA /* Pods-FireBasePushNotificationUITests.debug.xcconfig */;
			buildSettings = {
				ALWAYS_EMBED_SWIFT_STANDARD_LIBRARIES = YES;
				CODE_SIGN_STYLE = Automatic;
				INFOPLIST_FILE = FireBasePushNotificationUITests/Info.plist;
				LD_RUNPATH_SEARCH_PATHS = (
					"$(inherited)",
					"@executable_path/Frameworks",
					"@loader_path/Frameworks",
				);
				PRODUCT_BUNDLE_IDENTIFIER = NIC.FireBasePushNotificationUITests;
				PRODUCT_NAME = "$(TARGET_NAME)";
				SWIFT_VERSION = 4.0;
				TARGETED_DEVICE_FAMILY = "1,2";
				TEST_TARGET_NAME = FireBasePushNotification;
			};
			name = Debug;
		};
		423BA661214A2AF100D6D78D /* Release */ = {
			isa = XCBuildConfiguration;
			baseConfigurationReference = 5F68B9C3CE94A49C32E7EF01 /* Pods-FireBasePushNotificationUITests.release.xcconfig */;
			buildSettings = {
				ALWAYS_EMBED_SWIFT_STANDARD_LIBRARIES = YES;
				CODE_SIGN_STYLE = Automatic;
				INFOPLIST_FILE = FireBasePushNotificationUITests/Info.plist;
				LD_RUNPATH_SEARCH_PATHS = (
					"$(inherited)",
					"@executable_path/Frameworks",
					"@loader_path/Frameworks",
				);
				PRODUCT_BUNDLE_IDENTIFIER = NIC.FireBasePushNotificationUITests;
				PRODUCT_NAME = "$(TARGET_NAME)";
				SWIFT_VERSION = 4.0;
				TARGETED_DEVICE_FAMILY = "1,2";
				TEST_TARGET_NAME = FireBasePushNotification;
			};
			name = Release;
		};
		42B6708A215CD43B00E1D43A /* Debug */ = {
			isa = XCBuildConfiguration;
			buildSettings = {
				CODE_SIGN_STYLE = Automatic;
				DEVELOPMENT_TEAM = E6268MV8Y9;
				INFOPLIST_FILE = "Content Extension/Info.plist";
				LD_RUNPATH_SEARCH_PATHS = (
					"$(inherited)",
					"@executable_path/Frameworks",
					"@executable_path/../../Frameworks",
				);
				PRODUCT_BUNDLE_IDENTIFIER = "com.chirp.development.Content-Extension";
				PRODUCT_NAME = "$(TARGET_NAME)";
				SKIP_INSTALL = YES;
				SWIFT_VERSION = 4.0;
				TARGETED_DEVICE_FAMILY = "1,2";
			};
			name = Debug;
		};
		42B6708B215CD43B00E1D43A /* Release */ = {
			isa = XCBuildConfiguration;
			buildSettings = {
				CODE_SIGN_STYLE = Automatic;
				DEVELOPMENT_TEAM = E6268MV8Y9;
				INFOPLIST_FILE = "Content Extension/Info.plist";
				LD_RUNPATH_SEARCH_PATHS = (
					"$(inherited)",
					"@executable_path/Frameworks",
					"@executable_path/../../Frameworks",
				);
				PRODUCT_BUNDLE_IDENTIFIER = "com.chirp.development.Content-Extension";
				PRODUCT_NAME = "$(TARGET_NAME)";
				SKIP_INSTALL = YES;
				SWIFT_VERSION = 4.0;
				TARGETED_DEVICE_FAMILY = "1,2";
			};
			name = Release;
		};
/* End XCBuildConfiguration section */

/* Begin XCConfigurationList section */
		4229BA312158B869002B89FC /* Build configuration list for PBXNativeTarget "Notification Service" */ = {
			isa = XCConfigurationList;
			buildConfigurations = (
				4229BA322158B869002B89FC /* Debug */,
				4229BA332158B869002B89FC /* Release */,
			);
			defaultConfigurationIsVisible = 0;
			defaultConfigurationName = Release;
		};
		423BA629214A2AE900D6D78D /* Build configuration list for PBXProject "FireBasePushNotification" */ = {
			isa = XCConfigurationList;
			buildConfigurations = (
				423BA657214A2AF100D6D78D /* Debug */,
				423BA658214A2AF100D6D78D /* Release */,
			);
			defaultConfigurationIsVisible = 0;
			defaultConfigurationName = Release;
		};
		423BA659214A2AF100D6D78D /* Build configuration list for PBXNativeTarget "FireBasePushNotification" */ = {
			isa = XCConfigurationList;
			buildConfigurations = (
				423BA65A214A2AF100D6D78D /* Debug */,
				423BA65B214A2AF100D6D78D /* Release */,
			);
			defaultConfigurationIsVisible = 0;
			defaultConfigurationName = Release;
		};
		423BA65C214A2AF100D6D78D /* Build configuration list for PBXNativeTarget "FireBasePushNotificationTests" */ = {
			isa = XCConfigurationList;
			buildConfigurations = (
				423BA65D214A2AF100D6D78D /* Debug */,
				423BA65E214A2AF100D6D78D /* Release */,
			);
			defaultConfigurationIsVisible = 0;
			defaultConfigurationName = Release;
		};
		423BA65F214A2AF100D6D78D /* Build configuration list for PBXNativeTarget "FireBasePushNotificationUITests" */ = {
			isa = XCConfigurationList;
			buildConfigurations = (
				423BA660214A2AF100D6D78D /* Debug */,
				423BA661214A2AF100D6D78D /* Release */,
			);
			defaultConfigurationIsVisible = 0;
			defaultConfigurationName = Release;
		};
		42B67089215CD43B00E1D43A /* Build configuration list for PBXNativeTarget "Content Extension" */ = {
			isa = XCConfigurationList;
			buildConfigurations = (
				42B6708A215CD43B00E1D43A /* Debug */,
				42B6708B215CD43B00E1D43A /* Release */,
			);
			defaultConfigurationIsVisible = 0;
			defaultConfigurationName = Release;
		};
/* End XCConfigurationList section */

/* Begin XCVersionGroup section */
		423BA638214A2AE900D6D78D /* FireBasePushNotification.xcdatamodeld */ = {
			isa = XCVersionGroup;
			children = (
				423BA639214A2AE900D6D78D /* FireBasePushNotification.xcdatamodel */,
			);
			currentVersion = 423BA639214A2AE900D6D78D /* FireBasePushNotification.xcdatamodel */;
			path = FireBasePushNotification.xcdatamodeld;
			sourceTree = "<group>";
			versionGroupType = wrapper.xcdatamodel;
		};
/* End XCVersionGroup section */
	};
	rootObject = 423BA626214A2AE900D6D78D /* Project object */;
}
